// !$*UTF8*$!
{
	archiveVersion = 1;
	classes = {
	};
	objectVersion = 46;
	objects = {

/* Begin PBXBuildFile section */
		ED5488971E3402100042C462 /* SettingsButton.m in Sources */ = {isa = PBXBuildFile; fileRef = ED5488961E3402100042C462 /* SettingsButton.m */; };
		ED54889D1E3681E60042C462 /* PickerViewController.m in Sources */ = {isa = PBXBuildFile; fileRef = ED54889C1E3681E60042C462 /* PickerViewController.m */; };
		ED585C4F1E3232AD008998D3 /* main.m in Sources */ = {isa = PBXBuildFile; fileRef = ED585C4E1E3232AD008998D3 /* main.m */; };
		ED585C521E3232AD008998D3 /* AppDelegate.m in Sources */ = {isa = PBXBuildFile; fileRef = ED585C511E3232AD008998D3 /* AppDelegate.m */; };
		ED585C581E3232AD008998D3 /* Main.storyboard in Resources */ = {isa = PBXBuildFile; fileRef = ED585C561E3232AD008998D3 /* Main.storyboard */; };
		ED585C5B1E3232AD008998D3 /* HSEApp.xcdatamodeld in Sources */ = {isa = PBXBuildFile; fileRef = ED585C591E3232AD008998D3 /* HSEApp.xcdatamodeld */; };
		ED585C601E3232AD008998D3 /* LaunchScreen.storyboard in Resources */ = {isa = PBXBuildFile; fileRef = ED585C5E1E3232AD008998D3 /* LaunchScreen.storyboard */; };
		ED585C971E3244BB008998D3 /* AuthViewController.m in Sources */ = {isa = PBXBuildFile; fileRef = ED585C961E3244BB008998D3 /* AuthViewController.m */; };
		ED585CB91E32479C008998D3 /* SF-UI-Text-Bold.ttf in Resources */ = {isa = PBXBuildFile; fileRef = ED585CA41E32479C008998D3 /* SF-UI-Text-Bold.ttf */; };
		ED585CBA1E32479C008998D3 /* SF-UI-Text-BoldItalic.ttf in Resources */ = {isa = PBXBuildFile; fileRef = ED585CA51E32479C008998D3 /* SF-UI-Text-BoldItalic.ttf */; };
		ED585CBB1E32479C008998D3 /* SF-UI-Text-Heavy.ttf in Resources */ = {isa = PBXBuildFile; fileRef = ED585CA61E32479C008998D3 /* SF-UI-Text-Heavy.ttf */; };
		ED585CBC1E32479C008998D3 /* SF-UI-Text-HeavyItalic.ttf in Resources */ = {isa = PBXBuildFile; fileRef = ED585CA71E32479C008998D3 /* SF-UI-Text-HeavyItalic.ttf */; };
		ED585CBD1E32479C008998D3 /* SF-UI-Text-Italic.ttf in Resources */ = {isa = PBXBuildFile; fileRef = ED585CA81E32479C008998D3 /* SF-UI-Text-Italic.ttf */; };
		ED585CBE1E32479C008998D3 /* SF-UI-Text-Light.ttf in Resources */ = {isa = PBXBuildFile; fileRef = ED585CA91E32479C008998D3 /* SF-UI-Text-Light.ttf */; };
		ED585CBF1E32479C008998D3 /* SF-UI-Text-LightItalic.ttf in Resources */ = {isa = PBXBuildFile; fileRef = ED585CAA1E32479C008998D3 /* SF-UI-Text-LightItalic.ttf */; };
		ED585CC01E32479C008998D3 /* SF-UI-Text-Medium.ttf in Resources */ = {isa = PBXBuildFile; fileRef = ED585CAB1E32479C008998D3 /* SF-UI-Text-Medium.ttf */; };
		ED585CC11E32479C008998D3 /* SF-UI-Text-MediumItalic.ttf in Resources */ = {isa = PBXBuildFile; fileRef = ED585CAC1E32479C008998D3 /* SF-UI-Text-MediumItalic.ttf */; };
		ED585CC21E32479C008998D3 /* SF-UI-Text-Regular.ttf in Resources */ = {isa = PBXBuildFile; fileRef = ED585CAD1E32479C008998D3 /* SF-UI-Text-Regular.ttf */; };
		ED585CC31E32479C008998D3 /* SF-UI-Text-Semibold.ttf in Resources */ = {isa = PBXBuildFile; fileRef = ED585CAE1E32479C008998D3 /* SF-UI-Text-Semibold.ttf */; };
		ED585CC41E32479C008998D3 /* SF-UI-Text-SemiboldItalic.ttf in Resources */ = {isa = PBXBuildFile; fileRef = ED585CAF1E32479C008998D3 /* SF-UI-Text-SemiboldItalic.ttf */; };
		ED585CC71E325011008998D3 /* SignInButton.m in Sources */ = {isa = PBXBuildFile; fileRef = ED585CC61E325011008998D3 /* SignInButton.m */; };
		ED585CCD1E32570C008998D3 /* SignInField.m in Sources */ = {isa = PBXBuildFile; fileRef = ED585CCC1E32570C008998D3 /* SignInField.m */; };
		ED585CD21E326D9C008998D3 /* TabBarController.m in Sources */ = {isa = PBXBuildFile; fileRef = ED585CD11E326D9C008998D3 /* TabBarController.m */; };
		ED585CDB1E3270D8008998D3 /* SettingsViewController.m in Sources */ = {isa = PBXBuildFile; fileRef = ED585CDA1E3270D8008998D3 /* SettingsViewController.m */; };
		ED585CDE1E3270E4008998D3 /* NotificationsViewController.m in Sources */ = {isa = PBXBuildFile; fileRef = ED585CDD1E3270E4008998D3 /* NotificationsViewController.m */; };
		ED585CE11E3270F0008998D3 /* TimeTableViewController.m in Sources */ = {isa = PBXBuildFile; fileRef = ED585CE01E3270F0008998D3 /* TimeTableViewController.m */; };
		ED585CE51E32865D008998D3 /* WeekSwitchButton.m in Sources */ = {isa = PBXBuildFile; fileRef = ED585CE41E32865D008998D3 /* WeekSwitchButton.m */; };
		ED585CE91E328927008998D3 /* Lesson.m in Sources */ = {isa = PBXBuildFile; fileRef = ED585CE81E328927008998D3 /* Lesson.m */; };
		ED585CEC1E328A6D008998D3 /* Day.m in Sources */ = {isa = PBXBuildFile; fileRef = ED585CEB1E328A6D008998D3 /* Day.m */; };
		ED585CEF1E328ABD008998D3 /* LessonsManager.m in Sources */ = {isa = PBXBuildFile; fileRef = ED585CEE1E328ABD008998D3 /* LessonsManager.m */; };
		ED585CF21E328FA1008998D3 /* Week.m in Sources */ = {isa = PBXBuildFile; fileRef = ED585CF11E328FA1008998D3 /* Week.m */; };
		ED585CF61E32ABD3008998D3 /* TimeTableCell.m in Sources */ = {isa = PBXBuildFile; fileRef = ED585CF41E32ABD3008998D3 /* TimeTableCell.m */; };
		ED585CF71E32ABD3008998D3 /* TimeTableCell.xib in Resources */ = {isa = PBXBuildFile; fileRef = ED585CF51E32ABD3008998D3 /* TimeTableCell.xib */; };
		ED585CFB1E32BC59008998D3 /* Notification.m in Sources */ = {isa = PBXBuildFile; fileRef = ED585CFA1E32BC59008998D3 /* Notification.m */; };
		ED585CFE1E32BD8A008998D3 /* NotificationManager.m in Sources */ = {isa = PBXBuildFile; fileRef = ED585CFD1E32BD8A008998D3 /* NotificationManager.m */; };
		ED585D011E32C32E008998D3 /* NotificationSection.m in Sources */ = {isa = PBXBuildFile; fileRef = ED585D001E32C32E008998D3 /* NotificationSection.m */; };
		ED585D041E33316C008998D3 /* NotificationDescriptionController.m in Sources */ = {isa = PBXBuildFile; fileRef = ED585D031E33316C008998D3 /* NotificationDescriptionController.m */; };
		ED585D071E33910C008998D3 /* User.m in Sources */ = {isa = PBXBuildFile; fileRef = ED585D061E33910C008998D3 /* User.m */; };
		ED585D0A1E3391D5008998D3 /* UserManager.m in Sources */ = {isa = PBXBuildFile; fileRef = ED585D091E3391D5008998D3 /* UserManager.m */; };
		ED585D0D1E33B1CD008998D3 /* NSUserDefaults+ModifiedDefaults.m in Sources */ = {isa = PBXBuildFile; fileRef = ED585D0C1E33B1CD008998D3 /* NSUserDefaults+ModifiedDefaults.m */; };
		EDE8CFED1E379F2C00D91CED /* Images.xcassets in Resources */ = {isa = PBXBuildFile; fileRef = EDE8CFEC1E379F2C00D91CED /* Images.xcassets */; };
		EDE8CFF11E37E13A00D91CED /* NotificationCell.m in Sources */ = {isa = PBXBuildFile; fileRef = EDE8CFEF1E37E13A00D91CED /* NotificationCell.m */; };
		EDE8CFF21E37E13A00D91CED /* NotificationCell.xib in Resources */ = {isa = PBXBuildFile; fileRef = EDE8CFF01E37E13A00D91CED /* NotificationCell.xib */; };
		EDE8CFF61E37F0D700D91CED /* CategoryButton.m in Sources */ = {isa = PBXBuildFile; fileRef = EDE8CFF51E37F0D700D91CED /* CategoryButton.m */; };
		EDE8D04E1E3B61E100D91CED /* OfficeController.m in Sources */ = {isa = PBXBuildFile; fileRef = EDE8D04D1E3B61E100D91CED /* OfficeController.m */; };
		EDE8D0511E3B6DBD00D91CED /* Professor.m in Sources */ = {isa = PBXBuildFile; fileRef = EDE8D0501E3B6DBD00D91CED /* Professor.m */; };
		EDE8D0541E3B6ED100D91CED /* EmployeeManager.m in Sources */ = {isa = PBXBuildFile; fileRef = EDE8D0531E3B6ED100D91CED /* EmployeeManager.m */; };
/* End PBXBuildFile section */

/* Begin PBXFileReference section */
		ED5488951E3402100042C462 /* SettingsButton.h */ = {isa = PBXFileReference; fileEncoding = 4; lastKnownFileType = sourcecode.c.h; path = SettingsButton.h; sourceTree = "<group>"; };
		ED5488961E3402100042C462 /* SettingsButton.m */ = {isa = PBXFileReference; fileEncoding = 4; lastKnownFileType = sourcecode.c.objc; path = SettingsButton.m; sourceTree = "<group>"; };
		ED54889B1E3681E60042C462 /* PickerViewController.h */ = {isa = PBXFileReference; fileEncoding = 4; lastKnownFileType = sourcecode.c.h; path = PickerViewController.h; sourceTree = "<group>"; };
		ED54889C1E3681E60042C462 /* PickerViewController.m */ = {isa = PBXFileReference; fileEncoding = 4; lastKnownFileType = sourcecode.c.objc; path = PickerViewController.m; sourceTree = "<group>"; };
		ED585C4A1E3232AD008998D3 /* HSEApp.app */ = {isa = PBXFileReference; explicitFileType = wrapper.application; includeInIndex = 0; path = HSEApp.app; sourceTree = BUILT_PRODUCTS_DIR; };
		ED585C4E1E3232AD008998D3 /* main.m */ = {isa = PBXFileReference; lastKnownFileType = sourcecode.c.objc; path = main.m; sourceTree = "<group>"; };
		ED585C501E3232AD008998D3 /* AppDelegate.h */ = {isa = PBXFileReference; lastKnownFileType = sourcecode.c.h; path = AppDelegate.h; sourceTree = "<group>"; };
		ED585C511E3232AD008998D3 /* AppDelegate.m */ = {isa = PBXFileReference; lastKnownFileType = sourcecode.c.objc; path = AppDelegate.m; sourceTree = "<group>"; };
		ED585C571E3232AD008998D3 /* Base */ = {isa = PBXFileReference; lastKnownFileType = file.storyboard; name = Base; path = Base.lproj/Main.storyboard; sourceTree = "<group>"; };
		ED585C5A1E3232AD008998D3 /* HSEApp.xcdatamodel */ = {isa = PBXFileReference; lastKnownFileType = wrapper.xcdatamodel; path = HSEApp.xcdatamodel; sourceTree = "<group>"; };
		ED585C5F1E3232AD008998D3 /* Base */ = {isa = PBXFileReference; lastKnownFileType = file.storyboard; name = Base; path = Base.lproj/LaunchScreen.storyboard; sourceTree = "<group>"; };
		ED585C611E3232AD008998D3 /* Info.plist */ = {isa = PBXFileReference; lastKnownFileType = text.plist.xml; path = Info.plist; sourceTree = "<group>"; };
		ED585C951E3244BB008998D3 /* AuthViewController.h */ = {isa = PBXFileReference; fileEncoding = 4; lastKnownFileType = sourcecode.c.h; path = AuthViewController.h; sourceTree = "<group>"; };
		ED585C961E3244BB008998D3 /* AuthViewController.m */ = {isa = PBXFileReference; fileEncoding = 4; lastKnownFileType = sourcecode.c.objc; path = AuthViewController.m; sourceTree = "<group>"; };
		ED585CA41E32479C008998D3 /* SF-UI-Text-Bold.ttf */ = {isa = PBXFileReference; lastKnownFileType = file; name = "SF-UI-Text-Bold.ttf"; path = "Fonts/SF-UI-Text-Bold.ttf"; sourceTree = "<group>"; };
		ED585CA51E32479C008998D3 /* SF-UI-Text-BoldItalic.ttf */ = {isa = PBXFileReference; lastKnownFileType = file; name = "SF-UI-Text-BoldItalic.ttf"; path = "Fonts/SF-UI-Text-BoldItalic.ttf"; sourceTree = "<group>"; };
		ED585CA61E32479C008998D3 /* SF-UI-Text-Heavy.ttf */ = {isa = PBXFileReference; lastKnownFileType = file; name = "SF-UI-Text-Heavy.ttf"; path = "Fonts/SF-UI-Text-Heavy.ttf"; sourceTree = "<group>"; };
		ED585CA71E32479C008998D3 /* SF-UI-Text-HeavyItalic.ttf */ = {isa = PBXFileReference; lastKnownFileType = file; name = "SF-UI-Text-HeavyItalic.ttf"; path = "Fonts/SF-UI-Text-HeavyItalic.ttf"; sourceTree = "<group>"; };
		ED585CA81E32479C008998D3 /* SF-UI-Text-Italic.ttf */ = {isa = PBXFileReference; lastKnownFileType = file; name = "SF-UI-Text-Italic.ttf"; path = "Fonts/SF-UI-Text-Italic.ttf"; sourceTree = "<group>"; };
		ED585CA91E32479C008998D3 /* SF-UI-Text-Light.ttf */ = {isa = PBXFileReference; lastKnownFileType = file; name = "SF-UI-Text-Light.ttf"; path = "Fonts/SF-UI-Text-Light.ttf"; sourceTree = "<group>"; };
		ED585CAA1E32479C008998D3 /* SF-UI-Text-LightItalic.ttf */ = {isa = PBXFileReference; lastKnownFileType = file; name = "SF-UI-Text-LightItalic.ttf"; path = "Fonts/SF-UI-Text-LightItalic.ttf"; sourceTree = "<group>"; };
		ED585CAB1E32479C008998D3 /* SF-UI-Text-Medium.ttf */ = {isa = PBXFileReference; lastKnownFileType = file; name = "SF-UI-Text-Medium.ttf"; path = "Fonts/SF-UI-Text-Medium.ttf"; sourceTree = "<group>"; };
		ED585CAC1E32479C008998D3 /* SF-UI-Text-MediumItalic.ttf */ = {isa = PBXFileReference; lastKnownFileType = file; name = "SF-UI-Text-MediumItalic.ttf"; path = "Fonts/SF-UI-Text-MediumItalic.ttf"; sourceTree = "<group>"; };
		ED585CAD1E32479C008998D3 /* SF-UI-Text-Regular.ttf */ = {isa = PBXFileReference; lastKnownFileType = file; name = "SF-UI-Text-Regular.ttf"; path = "Fonts/SF-UI-Text-Regular.ttf"; sourceTree = "<group>"; };
		ED585CAE1E32479C008998D3 /* SF-UI-Text-Semibold.ttf */ = {isa = PBXFileReference; lastKnownFileType = file; name = "SF-UI-Text-Semibold.ttf"; path = "Fonts/SF-UI-Text-Semibold.ttf"; sourceTree = "<group>"; };
		ED585CAF1E32479C008998D3 /* SF-UI-Text-SemiboldItalic.ttf */ = {isa = PBXFileReference; lastKnownFileType = file; name = "SF-UI-Text-SemiboldItalic.ttf"; path = "Fonts/SF-UI-Text-SemiboldItalic.ttf"; sourceTree = "<group>"; };
		ED585CC51E325011008998D3 /* SignInButton.h */ = {isa = PBXFileReference; fileEncoding = 4; lastKnownFileType = sourcecode.c.h; path = SignInButton.h; sourceTree = "<group>"; };
		ED585CC61E325011008998D3 /* SignInButton.m */ = {isa = PBXFileReference; fileEncoding = 4; lastKnownFileType = sourcecode.c.objc; path = SignInButton.m; sourceTree = "<group>"; };
		ED585CCB1E32570C008998D3 /* SignInField.h */ = {isa = PBXFileReference; fileEncoding = 4; lastKnownFileType = sourcecode.c.h; path = SignInField.h; sourceTree = "<group>"; };
		ED585CCC1E32570C008998D3 /* SignInField.m */ = {isa = PBXFileReference; fileEncoding = 4; lastKnownFileType = sourcecode.c.objc; path = SignInField.m; sourceTree = "<group>"; };
		ED585CD01E326D9C008998D3 /* TabBarController.h */ = {isa = PBXFileReference; fileEncoding = 4; lastKnownFileType = sourcecode.c.h; path = TabBarController.h; sourceTree = "<group>"; };
		ED585CD11E326D9C008998D3 /* TabBarController.m */ = {isa = PBXFileReference; fileEncoding = 4; lastKnownFileType = sourcecode.c.objc; path = TabBarController.m; sourceTree = "<group>"; };
		ED585CD91E3270D8008998D3 /* SettingsViewController.h */ = {isa = PBXFileReference; fileEncoding = 4; lastKnownFileType = sourcecode.c.h; path = SettingsViewController.h; sourceTree = "<group>"; };
		ED585CDA1E3270D8008998D3 /* SettingsViewController.m */ = {isa = PBXFileReference; fileEncoding = 4; lastKnownFileType = sourcecode.c.objc; path = SettingsViewController.m; sourceTree = "<group>"; };
		ED585CDC1E3270E4008998D3 /* NotificationsViewController.h */ = {isa = PBXFileReference; fileEncoding = 4; lastKnownFileType = sourcecode.c.h; path = NotificationsViewController.h; sourceTree = "<group>"; };
		ED585CDD1E3270E4008998D3 /* NotificationsViewController.m */ = {isa = PBXFileReference; fileEncoding = 4; lastKnownFileType = sourcecode.c.objc; path = NotificationsViewController.m; sourceTree = "<group>"; };
		ED585CDF1E3270F0008998D3 /* TimeTableViewController.h */ = {isa = PBXFileReference; fileEncoding = 4; lastKnownFileType = sourcecode.c.h; path = TimeTableViewController.h; sourceTree = "<group>"; };
		ED585CE01E3270F0008998D3 /* TimeTableViewController.m */ = {isa = PBXFileReference; fileEncoding = 4; lastKnownFileType = sourcecode.c.objc; path = TimeTableViewController.m; sourceTree = "<group>"; };
		ED585CE31E32865D008998D3 /* WeekSwitchButton.h */ = {isa = PBXFileReference; fileEncoding = 4; lastKnownFileType = sourcecode.c.h; path = WeekSwitchButton.h; sourceTree = "<group>"; };
		ED585CE41E32865D008998D3 /* WeekSwitchButton.m */ = {isa = PBXFileReference; fileEncoding = 4; lastKnownFileType = sourcecode.c.objc; path = WeekSwitchButton.m; sourceTree = "<group>"; };
		ED585CE71E328927008998D3 /* Lesson.h */ = {isa = PBXFileReference; fileEncoding = 4; lastKnownFileType = sourcecode.c.h; path = Lesson.h; sourceTree = "<group>"; };
		ED585CE81E328927008998D3 /* Lesson.m */ = {isa = PBXFileReference; fileEncoding = 4; lastKnownFileType = sourcecode.c.objc; path = Lesson.m; sourceTree = "<group>"; };
		ED585CEA1E328A6D008998D3 /* Day.h */ = {isa = PBXFileReference; fileEncoding = 4; lastKnownFileType = sourcecode.c.h; path = Day.h; sourceTree = "<group>"; };
		ED585CEB1E328A6D008998D3 /* Day.m */ = {isa = PBXFileReference; fileEncoding = 4; lastKnownFileType = sourcecode.c.objc; path = Day.m; sourceTree = "<group>"; };
		ED585CED1E328ABD008998D3 /* LessonsManager.h */ = {isa = PBXFileReference; fileEncoding = 4; lastKnownFileType = sourcecode.c.h; path = LessonsManager.h; sourceTree = "<group>"; };
		ED585CEE1E328ABD008998D3 /* LessonsManager.m */ = {isa = PBXFileReference; fileEncoding = 4; lastKnownFileType = sourcecode.c.objc; path = LessonsManager.m; sourceTree = "<group>"; };
		ED585CF01E328FA1008998D3 /* Week.h */ = {isa = PBXFileReference; fileEncoding = 4; lastKnownFileType = sourcecode.c.h; path = Week.h; sourceTree = "<group>"; };
		ED585CF11E328FA1008998D3 /* Week.m */ = {isa = PBXFileReference; fileEncoding = 4; lastKnownFileType = sourcecode.c.objc; path = Week.m; sourceTree = "<group>"; };
		ED585CF31E32ABD3008998D3 /* TimeTableCell.h */ = {isa = PBXFileReference; fileEncoding = 4; lastKnownFileType = sourcecode.c.h; path = TimeTableCell.h; sourceTree = "<group>"; };
		ED585CF41E32ABD3008998D3 /* TimeTableCell.m */ = {isa = PBXFileReference; fileEncoding = 4; lastKnownFileType = sourcecode.c.objc; path = TimeTableCell.m; sourceTree = "<group>"; };
		ED585CF51E32ABD3008998D3 /* TimeTableCell.xib */ = {isa = PBXFileReference; fileEncoding = 4; lastKnownFileType = file.xib; path = TimeTableCell.xib; sourceTree = "<group>"; };
		ED585CF91E32BC59008998D3 /* Notification.h */ = {isa = PBXFileReference; fileEncoding = 4; lastKnownFileType = sourcecode.c.h; path = Notification.h; sourceTree = "<group>"; };
		ED585CFA1E32BC59008998D3 /* Notification.m */ = {isa = PBXFileReference; fileEncoding = 4; lastKnownFileType = sourcecode.c.objc; path = Notification.m; sourceTree = "<group>"; };
		ED585CFC1E32BD8A008998D3 /* NotificationManager.h */ = {isa = PBXFileReference; fileEncoding = 4; lastKnownFileType = sourcecode.c.h; path = NotificationManager.h; sourceTree = "<group>"; };
		ED585CFD1E32BD8A008998D3 /* NotificationManager.m */ = {isa = PBXFileReference; fileEncoding = 4; lastKnownFileType = sourcecode.c.objc; path = NotificationManager.m; sourceTree = "<group>"; };
		ED585CFF1E32C32E008998D3 /* NotificationSection.h */ = {isa = PBXFileReference; fileEncoding = 4; lastKnownFileType = sourcecode.c.h; path = NotificationSection.h; sourceTree = "<group>"; };
		ED585D001E32C32E008998D3 /* NotificationSection.m */ = {isa = PBXFileReference; fileEncoding = 4; lastKnownFileType = sourcecode.c.objc; path = NotificationSection.m; sourceTree = "<group>"; };
		ED585D021E33316C008998D3 /* NotificationDescriptionController.h */ = {isa = PBXFileReference; fileEncoding = 4; lastKnownFileType = sourcecode.c.h; path = NotificationDescriptionController.h; sourceTree = "<group>"; };
		ED585D031E33316C008998D3 /* NotificationDescriptionController.m */ = {isa = PBXFileReference; fileEncoding = 4; lastKnownFileType = sourcecode.c.objc; path = NotificationDescriptionController.m; sourceTree = "<group>"; };
		ED585D051E33910C008998D3 /* User.h */ = {isa = PBXFileReference; fileEncoding = 4; lastKnownFileType = sourcecode.c.h; path = User.h; sourceTree = "<group>"; };
		ED585D061E33910C008998D3 /* User.m */ = {isa = PBXFileReference; fileEncoding = 4; lastKnownFileType = sourcecode.c.objc; path = User.m; sourceTree = "<group>"; };
		ED585D081E3391D5008998D3 /* UserManager.h */ = {isa = PBXFileReference; fileEncoding = 4; lastKnownFileType = sourcecode.c.h; path = UserManager.h; sourceTree = "<group>"; };
		ED585D091E3391D5008998D3 /* UserManager.m */ = {isa = PBXFileReference; fileEncoding = 4; lastKnownFileType = sourcecode.c.objc; path = UserManager.m; sourceTree = "<group>"; };
		ED585D0B1E33B1CD008998D3 /* NSUserDefaults+ModifiedDefaults.h */ = {isa = PBXFileReference; fileEncoding = 4; lastKnownFileType = sourcecode.c.h; path = "NSUserDefaults+ModifiedDefaults.h"; sourceTree = "<group>"; };
		ED585D0C1E33B1CD008998D3 /* NSUserDefaults+ModifiedDefaults.m */ = {isa = PBXFileReference; fileEncoding = 4; lastKnownFileType = sourcecode.c.objc; path = "NSUserDefaults+ModifiedDefaults.m"; sourceTree = "<group>"; };
		EDE8CFEC1E379F2C00D91CED /* Images.xcassets */ = {isa = PBXFileReference; lastKnownFileType = folder.assetcatalog; name = Images.xcassets; path = ../Images.xcassets; sourceTree = "<group>"; };
		EDE8CFEE1E37E13A00D91CED /* NotificationCell.h */ = {isa = PBXFileReference; fileEncoding = 4; lastKnownFileType = sourcecode.c.h; path = NotificationCell.h; sourceTree = "<group>"; };
		EDE8CFEF1E37E13A00D91CED /* NotificationCell.m */ = {isa = PBXFileReference; fileEncoding = 4; lastKnownFileType = sourcecode.c.objc; path = NotificationCell.m; sourceTree = "<group>"; };
		EDE8CFF01E37E13A00D91CED /* NotificationCell.xib */ = {isa = PBXFileReference; fileEncoding = 4; lastKnownFileType = file.xib; path = NotificationCell.xib; sourceTree = "<group>"; };
		EDE8CFF41E37F0D700D91CED /* CategoryButton.h */ = {isa = PBXFileReference; fileEncoding = 4; lastKnownFileType = sourcecode.c.h; path = CategoryButton.h; sourceTree = "<group>"; };
		EDE8CFF51E37F0D700D91CED /* CategoryButton.m */ = {isa = PBXFileReference; fileEncoding = 4; lastKnownFileType = sourcecode.c.objc; path = CategoryButton.m; sourceTree = "<group>"; };
		EDE8D04C1E3B61E100D91CED /* OfficeController.h */ = {isa = PBXFileReference; fileEncoding = 4; lastKnownFileType = sourcecode.c.h; path = OfficeController.h; sourceTree = "<group>"; };
		EDE8D04D1E3B61E100D91CED /* OfficeController.m */ = {isa = PBXFileReference; fileEncoding = 4; lastKnownFileType = sourcecode.c.objc; path = OfficeController.m; sourceTree = "<group>"; };
		EDE8D04F1E3B6DBD00D91CED /* Professor.h */ = {isa = PBXFileReference; fileEncoding = 4; lastKnownFileType = sourcecode.c.h; path = Professor.h; sourceTree = "<group>"; };
		EDE8D0501E3B6DBD00D91CED /* Professor.m */ = {isa = PBXFileReference; fileEncoding = 4; lastKnownFileType = sourcecode.c.objc; path = Professor.m; sourceTree = "<group>"; };
		EDE8D0521E3B6ED100D91CED /* EmployeeManager.h */ = {isa = PBXFileReference; fileEncoding = 4; lastKnownFileType = sourcecode.c.h; path = EmployeeManager.h; sourceTree = "<group>"; };
		EDE8D0531E3B6ED100D91CED /* EmployeeManager.m */ = {isa = PBXFileReference; fileEncoding = 4; lastKnownFileType = sourcecode.c.objc; path = EmployeeManager.m; sourceTree = "<group>"; };
/* End PBXFileReference section */

/* Begin PBXFrameworksBuildPhase section */
		ED585C471E3232AD008998D3 /* Frameworks */ = {
			isa = PBXFrameworksBuildPhase;
			buildActionMask = 2147483647;
			files = (
			);
			runOnlyForDeploymentPostprocessing = 0;
		};
/* End PBXFrameworksBuildPhase section */

/* Begin PBXGroup section */
		ED5488941E3401F60042C462 /* View */ = {
			isa = PBXGroup;
			children = (
				ED5488951E3402100042C462 /* SettingsButton.h */,
				ED5488961E3402100042C462 /* SettingsButton.m */,
			);
			name = View;
			sourceTree = "<group>";
		};
		ED54889E1E37922D0042C462 /* OfficeController */ = {
			isa = PBXGroup;
			children = (
				ED54889F1E3792410042C462 /* Model */,
				ED5488A01E3792450042C462 /* View */,
				ED5488A11E37924F0042C462 /* Controller */,
			);
			name = OfficeController;
			sourceTree = "<group>";
		};
		ED54889F1E3792410042C462 /* Model */ = {
			isa = PBXGroup;
			children = (
				EDE8D04F1E3B6DBD00D91CED /* Professor.h */,
				EDE8D0501E3B6DBD00D91CED /* Professor.m */,
				EDE8D0521E3B6ED100D91CED /* EmployeeManager.h */,
				EDE8D0531E3B6ED100D91CED /* EmployeeManager.m */,
			);
			name = Model;
			sourceTree = "<group>";
		};
		ED5488A01E3792450042C462 /* View */ = {
			isa = PBXGroup;
			children = (
			);
			name = View;
			sourceTree = "<group>";
		};
		ED5488A11E37924F0042C462 /* Controller */ = {
			isa = PBXGroup;
			children = (
				EDE8D04C1E3B61E100D91CED /* OfficeController.h */,
				EDE8D04D1E3B61E100D91CED /* OfficeController.m */,
			);
			name = Controller;
			sourceTree = "<group>";
		};
		ED585C411E3232AD008998D3 = {
			isa = PBXGroup;
			children = (
				ED585C4C1E3232AD008998D3 /* HSEApp */,
				ED585C4B1E3232AD008998D3 /* Products */,
			);
			sourceTree = "<group>";
		};
		ED585C4B1E3232AD008998D3 /* Products */ = {
			isa = PBXGroup;
			children = (
				ED585C4A1E3232AD008998D3 /* HSEApp.app */,
			);
			name = Products;
			sourceTree = "<group>";
		};
		ED585C4C1E3232AD008998D3 /* HSEApp */ = {
			isa = PBXGroup;
			children = (
				ED54889E1E37922D0042C462 /* OfficeController */,
				ED585CD51E3270B0008998D3 /* SettingsController */,
				ED585CD41E32709A008998D3 /* NotificationsController */,
				ED585CD31E32708C008998D3 /* TimeTableController */,
				ED585CCE1E326D7A008998D3 /* TabBarController */,
				ED585C981E3244D1008998D3 /* Storyboard */,
				ED585C911E32447D008998D3 /* Auth */,
				ED585C991E3244E6008998D3 /* System Files */,
				ED585C9A1E32472F008998D3 /* Fonts */,
				ED585C4D1E3232AD008998D3 /* Supporting Files */,
				EDE8CFEC1E379F2C00D91CED /* Images.xcassets */,
				ED585D0B1E33B1CD008998D3 /* NSUserDefaults+ModifiedDefaults.h */,
				ED585D0C1E33B1CD008998D3 /* NSUserDefaults+ModifiedDefaults.m */,
			);
			path = HSEApp;
			sourceTree = "<group>";
		};
		ED585C4D1E3232AD008998D3 /* Supporting Files */ = {
			isa = PBXGroup;
			children = (
				ED585C4E1E3232AD008998D3 /* main.m */,
			);
			name = "Supporting Files";
			sourceTree = "<group>";
		};
		ED585C911E32447D008998D3 /* Auth */ = {
			isa = PBXGroup;
			children = (
				ED585C941E3244AA008998D3 /* Model */,
				ED585C931E3244A2008998D3 /* View */,
				ED585C921E324499008998D3 /* Controller */,
			);
			name = Auth;
			sourceTree = "<group>";
		};
		ED585C921E324499008998D3 /* Controller */ = {
			isa = PBXGroup;
			children = (
				ED585C951E3244BB008998D3 /* AuthViewController.h */,
				ED585C961E3244BB008998D3 /* AuthViewController.m */,
			);
			name = Controller;
			sourceTree = "<group>";
		};
		ED585C931E3244A2008998D3 /* View */ = {
			isa = PBXGroup;
			children = (
				ED585CC51E325011008998D3 /* SignInButton.h */,
				ED585CC61E325011008998D3 /* SignInButton.m */,
				ED585CCB1E32570C008998D3 /* SignInField.h */,
				ED585CCC1E32570C008998D3 /* SignInField.m */,
			);
			name = View;
			sourceTree = "<group>";
		};
		ED585C941E3244AA008998D3 /* Model */ = {
			isa = PBXGroup;
			children = (
				ED585D051E33910C008998D3 /* User.h */,
				ED585D061E33910C008998D3 /* User.m */,
				ED585D081E3391D5008998D3 /* UserManager.h */,
				ED585D091E3391D5008998D3 /* UserManager.m */,
			);
			name = Model;
			sourceTree = "<group>";
		};
		ED585C981E3244D1008998D3 /* Storyboard */ = {
			isa = PBXGroup;
			children = (
				ED585C561E3232AD008998D3 /* Main.storyboard */,
				ED585C5E1E3232AD008998D3 /* LaunchScreen.storyboard */,
			);
			name = Storyboard;
			sourceTree = "<group>";
		};
		ED585C991E3244E6008998D3 /* System Files */ = {
			isa = PBXGroup;
			children = (
				ED585C611E3232AD008998D3 /* Info.plist */,
				ED585C591E3232AD008998D3 /* HSEApp.xcdatamodeld */,
				ED585C501E3232AD008998D3 /* AppDelegate.h */,
				ED585C511E3232AD008998D3 /* AppDelegate.m */,
			);
			name = "System Files";
			sourceTree = "<group>";
		};
		ED585C9A1E32472F008998D3 /* Fonts */ = {
			isa = PBXGroup;
			children = (
				ED585CA41E32479C008998D3 /* SF-UI-Text-Bold.ttf */,
				ED585CA51E32479C008998D3 /* SF-UI-Text-BoldItalic.ttf */,
				ED585CA61E32479C008998D3 /* SF-UI-Text-Heavy.ttf */,
				ED585CA71E32479C008998D3 /* SF-UI-Text-HeavyItalic.ttf */,
				ED585CA81E32479C008998D3 /* SF-UI-Text-Italic.ttf */,
				ED585CA91E32479C008998D3 /* SF-UI-Text-Light.ttf */,
				ED585CAA1E32479C008998D3 /* SF-UI-Text-LightItalic.ttf */,
				ED585CAB1E32479C008998D3 /* SF-UI-Text-Medium.ttf */,
				ED585CAC1E32479C008998D3 /* SF-UI-Text-MediumItalic.ttf */,
				ED585CAD1E32479C008998D3 /* SF-UI-Text-Regular.ttf */,
				ED585CAE1E32479C008998D3 /* SF-UI-Text-Semibold.ttf */,
				ED585CAF1E32479C008998D3 /* SF-UI-Text-SemiboldItalic.ttf */,
			);
			name = Fonts;
			sourceTree = "<group>";
		};
		ED585CCE1E326D7A008998D3 /* TabBarController */ = {
			isa = PBXGroup;
			children = (
				ED585CCF1E326D84008998D3 /* Controller */,
			);
			name = TabBarController;
			sourceTree = "<group>";
		};
		ED585CCF1E326D84008998D3 /* Controller */ = {
			isa = PBXGroup;
			children = (
				ED585CD01E326D9C008998D3 /* TabBarController.h */,
				ED585CD11E326D9C008998D3 /* TabBarController.m */,
			);
			name = Controller;
			sourceTree = "<group>";
		};
		ED585CD31E32708C008998D3 /* TimeTableController */ = {
			isa = PBXGroup;
			children = (
				ED585CE61E328913008998D3 /* Model */,
				ED585CE21E328640008998D3 /* View */,
				ED585CD61E3270B9008998D3 /* Controller */,
			);
			name = TimeTableController;
			sourceTree = "<group>";
		};
		ED585CD41E32709A008998D3 /* NotificationsController */ = {
			isa = PBXGroup;
			children = (
				ED585CF81E32BC42008998D3 /* Model */,
				EDE8CFF31E37F0B800D91CED /* View */,
				ED585CD71E3270BF008998D3 /* Controller */,
			);
			name = NotificationsController;
			sourceTree = "<group>";
		};
		ED585CD51E3270B0008998D3 /* SettingsController */ = {
			isa = PBXGroup;
			children = (
				ED5488941E3401F60042C462 /* View */,
				ED585CD81E3270C3008998D3 /* Controller */,
			);
			name = SettingsController;
			sourceTree = "<group>";
		};
		ED585CD61E3270B9008998D3 /* Controller */ = {
			isa = PBXGroup;
			children = (
				ED585CDF1E3270F0008998D3 /* TimeTableViewController.h */,
				ED585CE01E3270F0008998D3 /* TimeTableViewController.m */,
				ED585CF31E32ABD3008998D3 /* TimeTableCell.h */,
				ED585CF41E32ABD3008998D3 /* TimeTableCell.m */,
				ED585CF51E32ABD3008998D3 /* TimeTableCell.xib */,
				ED54889B1E3681E60042C462 /* PickerViewController.h */,
				ED54889C1E3681E60042C462 /* PickerViewController.m */,
			);
			name = Controller;
			sourceTree = "<group>";
		};
		ED585CD71E3270BF008998D3 /* Controller */ = {
			isa = PBXGroup;
			children = (
				ED585CDC1E3270E4008998D3 /* NotificationsViewController.h */,
				ED585CDD1E3270E4008998D3 /* NotificationsViewController.m */,
				ED585D021E33316C008998D3 /* NotificationDescriptionController.h */,
				ED585D031E33316C008998D3 /* NotificationDescriptionController.m */,
				EDE8CFEE1E37E13A00D91CED /* NotificationCell.h */,
				EDE8CFEF1E37E13A00D91CED /* NotificationCell.m */,
				EDE8CFF01E37E13A00D91CED /* NotificationCell.xib */,
			);
			name = Controller;
			sourceTree = "<group>";
		};
		ED585CD81E3270C3008998D3 /* Controller */ = {
			isa = PBXGroup;
			children = (
				ED585CD91E3270D8008998D3 /* SettingsViewController.h */,
				ED585CDA1E3270D8008998D3 /* SettingsViewController.m */,
			);
			name = Controller;
			sourceTree = "<group>";
		};
		ED585CE21E328640008998D3 /* View */ = {
			isa = PBXGroup;
			children = (
				ED585CE31E32865D008998D3 /* WeekSwitchButton.h */,
				ED585CE41E32865D008998D3 /* WeekSwitchButton.m */,
			);
			name = View;
			sourceTree = "<group>";
		};
		ED585CE61E328913008998D3 /* Model */ = {
			isa = PBXGroup;
			children = (
				ED585CE71E328927008998D3 /* Lesson.h */,
				ED585CE81E328927008998D3 /* Lesson.m */,
				ED585CEA1E328A6D008998D3 /* Day.h */,
				ED585CEB1E328A6D008998D3 /* Day.m */,
				ED585CF01E328FA1008998D3 /* Week.h */,
				ED585CF11E328FA1008998D3 /* Week.m */,
				ED585CED1E328ABD008998D3 /* LessonsManager.h */,
				ED585CEE1E328ABD008998D3 /* LessonsManager.m */,
			);
			name = Model;
			sourceTree = "<group>";
		};
		ED585CF81E32BC42008998D3 /* Model */ = {
			isa = PBXGroup;
			children = (
				ED585CF91E32BC59008998D3 /* Notification.h */,
				ED585CFA1E32BC59008998D3 /* Notification.m */,
				ED585CFC1E32BD8A008998D3 /* NotificationManager.h */,
				ED585CFD1E32BD8A008998D3 /* NotificationManager.m */,
				ED585CFF1E32C32E008998D3 /* NotificationSection.h */,
				ED585D001E32C32E008998D3 /* NotificationSection.m */,
			);
			name = Model;
			sourceTree = "<group>";
		};
		EDE8CFF31E37F0B800D91CED /* View */ = {
			isa = PBXGroup;
			children = (
				EDE8CFF41E37F0D700D91CED /* CategoryButton.h */,
				EDE8CFF51E37F0D700D91CED /* CategoryButton.m */,
			);
			name = View;
			sourceTree = "<group>";
		};
/* End PBXGroup section */

/* Begin PBXNativeTarget section */
		ED585C491E3232AD008998D3 /* HSEApp */ = {
			isa = PBXNativeTarget;
			buildConfigurationList = ED585C641E3232AD008998D3 /* Build configuration list for PBXNativeTarget "HSEApp" */;
			buildPhases = (
				ED585C461E3232AD008998D3 /* Sources */,
				ED585C471E3232AD008998D3 /* Frameworks */,
				ED585C481E3232AD008998D3 /* Resources */,
			);
			buildRules = (
			);
			dependencies = (
			);
			name = HSEApp;
			productName = HSEApp;
			productReference = ED585C4A1E3232AD008998D3 /* HSEApp.app */;
			productType = "com.apple.product-type.application";
		};
/* End PBXNativeTarget section */

/* Begin PBXProject section */
		ED585C421E3232AD008998D3 /* Project object */ = {
			isa = PBXProject;
			attributes = {
				LastUpgradeCheck = 0810;
				ORGANIZATIONNAME = "Kirill Korolev";
				TargetAttributes = {
					ED585C491E3232AD008998D3 = {
						CreatedOnToolsVersion = 8.1;
						DevelopmentTeam = AW37662HE7;
						ProvisioningStyle = Automatic;
					};
				};
			};
			buildConfigurationList = ED585C451E3232AD008998D3 /* Build configuration list for PBXProject "HSEApp" */;
			compatibilityVersion = "Xcode 3.2";
			developmentRegion = English;
			hasScannedForEncodings = 0;
			knownRegions = (
				en,
				Base,
			);
			mainGroup = ED585C411E3232AD008998D3;
			productRefGroup = ED585C4B1E3232AD008998D3 /* Products */;
			projectDirPath = "";
			projectRoot = "";
			targets = (
				ED585C491E3232AD008998D3 /* HSEApp */,
			);
		};
/* End PBXProject section */

/* Begin PBXResourcesBuildPhase section */
		ED585C481E3232AD008998D3 /* Resources */ = {
			isa = PBXResourcesBuildPhase;
			buildActionMask = 2147483647;
			files = (
				ED585CBF1E32479C008998D3 /* SF-UI-Text-LightItalic.ttf in Resources */,
				EDE8CFED1E379F2C00D91CED /* Images.xcassets in Resources */,
				ED585CC31E32479C008998D3 /* SF-UI-Text-Semibold.ttf in Resources */,
				ED585CBD1E32479C008998D3 /* SF-UI-Text-Italic.ttf in Resources */,
				ED585C601E3232AD008998D3 /* LaunchScreen.storyboard in Resources */,
				ED585CC21E32479C008998D3 /* SF-UI-Text-Regular.ttf in Resources */,
				ED585CC41E32479C008998D3 /* SF-UI-Text-SemiboldItalic.ttf in Resources */,
				ED585CBA1E32479C008998D3 /* SF-UI-Text-BoldItalic.ttf in Resources */,
				ED585CBE1E32479C008998D3 /* SF-UI-Text-Light.ttf in Resources */,
				ED585CF71E32ABD3008998D3 /* TimeTableCell.xib in Resources */,
				EDE8CFF21E37E13A00D91CED /* NotificationCell.xib in Resources */,
				ED585CC11E32479C008998D3 /* SF-UI-Text-MediumItalic.ttf in Resources */,
				ED585CC01E32479C008998D3 /* SF-UI-Text-Medium.ttf in Resources */,
				ED585C581E3232AD008998D3 /* Main.storyboard in Resources */,
				ED585CBC1E32479C008998D3 /* SF-UI-Text-HeavyItalic.ttf in Resources */,
				ED585CB91E32479C008998D3 /* SF-UI-Text-Bold.ttf in Resources */,
				ED585CBB1E32479C008998D3 /* SF-UI-Text-Heavy.ttf in Resources */,
			);
			runOnlyForDeploymentPostprocessing = 0;
		};
/* End PBXResourcesBuildPhase section */

/* Begin PBXSourcesBuildPhase section */
		ED585C461E3232AD008998D3 /* Sources */ = {
			isa = PBXSourcesBuildPhase;
			buildActionMask = 2147483647;
			files = (
				ED5488971E3402100042C462 /* SettingsButton.m in Sources */,
				ED585CD21E326D9C008998D3 /* TabBarController.m in Sources */,
				ED585CF61E32ABD3008998D3 /* TimeTableCell.m in Sources */,
				ED585D011E32C32E008998D3 /* NotificationSection.m in Sources */,
				EDE8CFF11E37E13A00D91CED /* NotificationCell.m in Sources */,
				ED585C5B1E3232AD008998D3 /* HSEApp.xcdatamodeld in Sources */,
				EDE8D0511E3B6DBD00D91CED /* Professor.m in Sources */,
				ED585D0A1E3391D5008998D3 /* UserManager.m in Sources */,
				ED585C971E3244BB008998D3 /* AuthViewController.m in Sources */,
				ED54889D1E3681E60042C462 /* PickerViewController.m in Sources */,
				EDE8D04E1E3B61E100D91CED /* OfficeController.m in Sources */,
				ED585D0D1E33B1CD008998D3 /* NSUserDefaults+ModifiedDefaults.m in Sources */,
				ED585CE91E328927008998D3 /* Lesson.m in Sources */,
				ED585CDB1E3270D8008998D3 /* SettingsViewController.m in Sources */,
				ED585CFE1E32BD8A008998D3 /* NotificationManager.m in Sources */,
				ED585D071E33910C008998D3 /* User.m in Sources */,
				ED585CCD1E32570C008998D3 /* SignInField.m in Sources */,
				EDE8D0541E3B6ED100D91CED /* EmployeeManager.m in Sources */,
				ED585D041E33316C008998D3 /* NotificationDescriptionController.m in Sources */,
				ED585C521E3232AD008998D3 /* AppDelegate.m in Sources */,
				EDE8CFF61E37F0D700D91CED /* CategoryButton.m in Sources */,
				ED585CEF1E328ABD008998D3 /* LessonsManager.m in Sources */,
				ED585CE51E32865D008998D3 /* WeekSwitchButton.m in Sources */,
				ED585C4F1E3232AD008998D3 /* main.m in Sources */,
				ED585CFB1E32BC59008998D3 /* Notification.m in Sources */,
				ED585CF21E328FA1008998D3 /* Week.m in Sources */,
				ED585CC71E325011008998D3 /* SignInButton.m in Sources */,
				ED585CE11E3270F0008998D3 /* TimeTableViewController.m in Sources */,
				ED585CEC1E328A6D008998D3 /* Day.m in Sources */,
				ED585CDE1E3270E4008998D3 /* NotificationsViewController.m in Sources */,
			);
			runOnlyForDeploymentPostprocessing = 0;
		};
/* End PBXSourcesBuildPhase section */

/* Begin PBXVariantGroup section */
		ED585C561E3232AD008998D3 /* Main.storyboard */ = {
			isa = PBXVariantGroup;
			children = (
				ED585C571E3232AD008998D3 /* Base */,
			);
			name = Main.storyboard;
			sourceTree = "<group>";
		};
		ED585C5E1E3232AD008998D3 /* LaunchScreen.storyboard */ = {
			isa = PBXVariantGroup;
			children = (
				ED585C5F1E3232AD008998D3 /* Base */,
			);
			name = LaunchScreen.storyboard;
			sourceTree = "<group>";
		};
/* End PBXVariantGroup section */

/* Begin XCBuildConfiguration section */
		ED585C621E3232AD008998D3 /* Debug */ = {
			isa = XCBuildConfiguration;
			buildSettings = {
				ALWAYS_SEARCH_USER_PATHS = NO;
				CLANG_ANALYZER_NONNULL = YES;
				CLANG_CXX_LANGUAGE_STANDARD = "gnu++0x";
				CLANG_CXX_LIBRARY = "libc++";
				CLANG_ENABLE_MODULES = YES;
				CLANG_ENABLE_OBJC_ARC = YES;
				CLANG_WARN_BOOL_CONVERSION = YES;
				CLANG_WARN_CONSTANT_CONVERSION = YES;
				CLANG_WARN_DIRECT_OBJC_ISA_USAGE = YES_ERROR;
				CLANG_WARN_DOCUMENTATION_COMMENTS = YES;
				CLANG_WARN_EMPTY_BODY = YES;
				CLANG_WARN_ENUM_CONVERSION = YES;
				CLANG_WARN_INFINITE_RECURSION = YES;
				CLANG_WARN_INT_CONVERSION = YES;
				CLANG_WARN_OBJC_ROOT_CLASS = YES_ERROR;
				CLANG_WARN_SUSPICIOUS_MOVES = YES;
				CLANG_WARN_UNREACHABLE_CODE = YES;
				CLANG_WARN__DUPLICATE_METHOD_MATCH = YES;
				"CODE_SIGN_IDENTITY[sdk=iphoneos*]" = "iPhone Developer";
				COPY_PHASE_STRIP = NO;
				DEBUG_INFORMATION_FORMAT = dwarf;
				ENABLE_STRICT_OBJC_MSGSEND = YES;
				ENABLE_TESTABILITY = YES;
				GCC_C_LANGUAGE_STANDARD = gnu99;
				GCC_DYNAMIC_NO_PIC = NO;
				GCC_NO_COMMON_BLOCKS = YES;
				GCC_OPTIMIZATION_LEVEL = 0;
				GCC_PREPROCESSOR_DEFINITIONS = (
					"DEBUG=1",
					"$(inherited)",
				);
				GCC_WARN_64_TO_32_BIT_CONVERSION = YES;
				GCC_WARN_ABOUT_RETURN_TYPE = YES_ERROR;
				GCC_WARN_UNDECLARED_SELECTOR = YES;
				GCC_WARN_UNINITIALIZED_AUTOS = YES_AGGRESSIVE;
				GCC_WARN_UNUSED_FUNCTION = YES;
				GCC_WARN_UNUSED_VARIABLE = YES;
				IPHONEOS_DEPLOYMENT_TARGET = 10.1;
				MTL_ENABLE_DEBUG_INFO = YES;
				ONLY_ACTIVE_ARCH = YES;
				SDKROOT = iphoneos;
				TARGETED_DEVICE_FAMILY = "1,2";
			};
			name = Debug;
		};
		ED585C631E3232AD008998D3 /* Release */ = {
			isa = XCBuildConfiguration;
			buildSettings = {
				ALWAYS_SEARCH_USER_PATHS = NO;
				CLANG_ANALYZER_NONNULL = YES;
				CLANG_CXX_LANGUAGE_STANDARD = "gnu++0x";
				CLANG_CXX_LIBRARY = "libc++";
				CLANG_ENABLE_MODULES = YES;
				CLANG_ENABLE_OBJC_ARC = YES;
				CLANG_WARN_BOOL_CONVERSION = YES;
				CLANG_WARN_CONSTANT_CONVERSION = YES;
				CLANG_WARN_DIRECT_OBJC_ISA_USAGE = YES_ERROR;
				CLANG_WARN_DOCUMENTATION_COMMENTS = YES;
				CLANG_WARN_EMPTY_BODY = YES;
				CLANG_WARN_ENUM_CONVERSION = YES;
				CLANG_WARN_INFINITE_RECURSION = YES;
				CLANG_WARN_INT_CONVERSION = YES;
				CLANG_WARN_OBJC_ROOT_CLASS = YES_ERROR;
				CLANG_WARN_SUSPICIOUS_MOVES = YES;
				CLANG_WARN_UNREACHABLE_CODE = YES;
				CLANG_WARN__DUPLICATE_METHOD_MATCH = YES;
				"CODE_SIGN_IDENTITY[sdk=iphoneos*]" = "iPhone Developer";
				COPY_PHASE_STRIP = NO;
				DEBUG_INFORMATION_FORMAT = "dwarf-with-dsym";
				ENABLE_NS_ASSERTIONS = NO;
				ENABLE_STRICT_OBJC_MSGSEND = YES;
				GCC_C_LANGUAGE_STANDARD = gnu99;
				GCC_NO_COMMON_BLOCKS = YES;
				GCC_WARN_64_TO_32_BIT_CONVERSION = YES;
				GCC_WARN_ABOUT_RETURN_TYPE = YES_ERROR;
				GCC_WARN_UNDECLARED_SELECTOR = YES;
				GCC_WARN_UNINITIALIZED_AUTOS = YES_AGGRESSIVE;
				GCC_WARN_UNUSED_FUNCTION = YES;
				GCC_WARN_UNUSED_VARIABLE = YES;
				IPHONEOS_DEPLOYMENT_TARGET = 10.1;
				MTL_ENABLE_DEBUG_INFO = NO;
				SDKROOT = iphoneos;
				TARGETED_DEVICE_FAMILY = "1,2";
				VALIDATE_PRODUCT = YES;
			};
			name = Release;
		};
		ED585C651E3232AD008998D3 /* Debug */ = {
			isa = XCBuildConfiguration;
			buildSettings = {
				ASSETCATALOG_COMPILER_APPICON_NAME = AppIcon;
				DEVELOPMENT_TEAM = AW37662HE7;
				INFOPLIST_FILE = HSEApp/Info.plist;
				IPHONEOS_DEPLOYMENT_TARGET = 8.0;
				LD_RUNPATH_SEARCH_PATHS = "$(inherited) @executable_path/Frameworks";
				PRODUCT_BUNDLE_IDENTIFIER = kirillkorolev.HSEApp;
				PRODUCT_NAME = "$(TARGET_NAME)";
			};
			name = Debug;
		};
		ED585C661E3232AD008998D3 /* Release */ = {
			isa = XCBuildConfiguration;
			buildSettings = {
				ASSETCATALOG_COMPILER_APPICON_NAME = AppIcon;
				DEVELOPMENT_TEAM = AW37662HE7;
				INFOPLIST_FILE = HSEApp/Info.plist;
				IPHONEOS_DEPLOYMENT_TARGET = 8.0;
				LD_RUNPATH_SEARCH_PATHS = "$(inherited) @executable_path/Frameworks";
				PRODUCT_BUNDLE_IDENTIFIER = kirillkorolev.HSEApp;
				PRODUCT_NAME = "$(TARGET_NAME)";
			};
			name = Release;
		};
/* End XCBuildConfiguration section */

/* Begin XCConfigurationList section */
		ED585C451E3232AD008998D3 /* Build configuration list for PBXProject "HSEApp" */ = {
			isa = XCConfigurationList;
			buildConfigurations = (
				ED585C621E3232AD008998D3 /* Debug */,
				ED585C631E3232AD008998D3 /* Release */,
			);
			defaultConfigurationIsVisible = 0;
			defaultConfigurationName = Release;
		};
		ED585C641E3232AD008998D3 /* Build configuration list for PBXNativeTarget "HSEApp" */ = {
			isa = XCConfigurationList;
			buildConfigurations = (
				ED585C651E3232AD008998D3 /* Debug */,
				ED585C661E3232AD008998D3 /* Release */,
			);
			defaultConfigurationIsVisible = 0;
			defaultConfigurationName = Release;
		};
/* End XCConfigurationList section */

/* Begin XCVersionGroup section */
		ED585C591E3232AD008998D3 /* HSEApp.xcdatamodeld */ = {
			isa = XCVersionGroup;
			children = (
				ED585C5A1E3232AD008998D3 /* HSEApp.xcdatamodel */,
			);
			currentVersion = ED585C5A1E3232AD008998D3 /* HSEApp.xcdatamodel */;
			path = HSEApp.xcdatamodeld;
			sourceTree = "<group>";
			versionGroupType = wrapper.xcdatamodel;
		};
/* End XCVersionGroup section */
	};
	rootObject = ED585C421E3232AD008998D3 /* Project object */;
}
